
Microsoft Visual Studio Solution File, Format Version 12.00
# Visual Studio Version 16
VisualStudioVersion = 16.0.31515.178
MinimumVisualStudioVersion = 10.0.40219.1
Project("{9A19103F-16F7-4668-BE54-9A1E7A4F7556}") = "Bank", "Bank.csproj", "{8D2A7C6E-F70B-485D-9131-DA08CED8B533}"
EndProject
Project("{9A19103F-16F7-4668-BE54-9A1E7A4F7556}") = "BankXunitTests", "..\BankXunitTests\BankXunitTests.csproj", "{76391848-32D2-413C-9053-5776290CCF1A}"
EndProject
Global
	GlobalSection(SolutionConfigurationPlatforms) = preSolution
		Debug|Any CPU = Debug|Any CPU
		Release|Any CPU = Release|Any CPU
	EndGlobalSection
	GlobalSection(ProjectConfigurationPlatforms) = postSolution
		{8D2A7C6E-F70B-485D-9131-DA08CED8B533}.Debug|Any CPU.ActiveCfg = Debug|Any CPU
		{8D2A7C6E-F70B-485D-9131-DA08CED8B533}.Debug|Any CPU.Build.0 = Debug|Any CPU
		{8D2A7C6E-F70B-485D-9131-DA08CED8B533}.Release|Any CPU.ActiveCfg = Release|Any CPU
		{8D2A7C6E-F70B-485D-9131-DA08CED8B533}.Release|Any CPU.Build.0 = Release|Any CPU
		{76391848-32D2-413C-9053-5776290CCF1A}.Debug|Any CPU.ActiveCfg = Debug|Any CPU
		{76391848-32D2-413C-9053-5776290CCF1A}.Debug|Any CPU.Build.0 = Debug|Any CPU
		{76391848-32D2-413C-9053-5776290CCF1A}.Release|Any CPU.ActiveCfg = Release|Any CPU
		{76391848-32D2-413C-9053-5776290CCF1A}.Release|Any CPU.Build.0 = Release|Any CPU
	EndGlobalSection
	GlobalSection(SolutionProperties) = preSolution
		HideSolutionNode = FALSE
	EndGlobalSection
	GlobalSection(ExtensibilityGlobals) = postSolution
		SolutionGuid = {34751F59-D138-43AB-B218-EB9197043248}
	EndGlobalSection
EndGlobal
